// !$*UTF8*$!
{
	archiveVersion = 1;
	classes = {
	};
	objectVersion = 55;
	objects = {

/* Begin PBXBuildFile section */
		560142DA289A6897001F8C55 /* MainViewController.swift in Sources */ = {isa = PBXBuildFile; fileRef = 560142D8289A6897001F8C55 /* MainViewController.swift */; };
		560142DB289A6897001F8C55 /* MainViewController.xib in Resources */ = {isa = PBXBuildFile; fileRef = 560142D9289A6897001F8C55 /* MainViewController.xib */; };
		560142DE289A6A77001F8C55 /* ProfileViewController.swift in Sources */ = {isa = PBXBuildFile; fileRef = 560142DC289A6A77001F8C55 /* ProfileViewController.swift */; };
		560142DF289A6A77001F8C55 /* ProfileViewController.xib in Resources */ = {isa = PBXBuildFile; fileRef = 560142DD289A6A77001F8C55 /* ProfileViewController.xib */; };
		560142ED289A72C9001F8C55 /* TabBarPage.swift in Sources */ = {isa = PBXBuildFile; fileRef = 560142EC289A72C9001F8C55 /* TabBarPage.swift */; };
		560142F3289AB672001F8C55 /* SearchViewController.swift in Sources */ = {isa = PBXBuildFile; fileRef = 560142F1289AB672001F8C55 /* SearchViewController.swift */; };
		560142F4289AB672001F8C55 /* SearchViewController.xib in Resources */ = {isa = PBXBuildFile; fileRef = 560142F2289AB672001F8C55 /* SearchViewController.xib */; };
		5607682D28A186600010B977 /* AuthRequestModel.swift in Sources */ = {isa = PBXBuildFile; fileRef = 5607681B28A186600010B977 /* AuthRequestModel.swift */; };
		5607682E28A186600010B977 /* AuthResponceModel.swift in Sources */ = {isa = PBXBuildFile; fileRef = 5607681C28A186600010B977 /* AuthResponceModel.swift */; };
		5607682F28A186600010B977 /* AuthService.swift in Sources */ = {isa = PBXBuildFile; fileRef = 5607681D28A186600010B977 /* AuthService.swift */; };
		5607683028A186600010B977 /* BaseNetworkTask.swift in Sources */ = {isa = PBXBuildFile; fileRef = 5607681F28A186600010B977 /* BaseNetworkTask.swift */; };
		5607683128A186600010B977 /* EmptyModel.swift in Sources */ = {isa = PBXBuildFile; fileRef = 5607682028A186600010B977 /* EmptyModel.swift */; };
		5607683228A186600010B977 /* NetworkMethod.swift in Sources */ = {isa = PBXBuildFile; fileRef = 5607682128A186600010B977 /* NetworkMethod.swift */; };
		5607683328A186600010B977 /* NetworkTask.swift in Sources */ = {isa = PBXBuildFile; fileRef = 5607682228A186600010B977 /* NetworkTask.swift */; };
		5607683428A186600010B977 /* ImageLoader.swift in Sources */ = {isa = PBXBuildFile; fileRef = 5607682428A186600010B977 /* ImageLoader.swift */; };
		5607683528A186600010B977 /* UIImageView+ImageLoader.swift in Sources */ = {isa = PBXBuildFile; fileRef = 5607682528A186600010B977 /* UIImageView+ImageLoader.swift */; };
		5607683628A186600010B977 /* PictureResponceModel.swift in Sources */ = {isa = PBXBuildFile; fileRef = 5607682728A186600010B977 /* PictureResponceModel.swift */; };
		5607683728A186600010B977 /* PictureService.swift in Sources */ = {isa = PBXBuildFile; fileRef = 5607682828A186600010B977 /* PictureService.swift */; };
		5607683828A186600010B977 /* BaseTokenStorage.swift in Sources */ = {isa = PBXBuildFile; fileRef = 5607682A28A186600010B977 /* BaseTokenStorage.swift */; };
		5607683928A186600010B977 /* TokenContainer.swift in Sources */ = {isa = PBXBuildFile; fileRef = 5607682B28A186600010B977 /* TokenContainer.swift */; };
		5607683A28A186600010B977 /* TokenStorage.swift in Sources */ = {isa = PBXBuildFile; fileRef = 5607682C28A186600010B977 /* TokenStorage.swift */; };
		5607D6B2289D6D7A0078C03C /* MainModel.swift in Sources */ = {isa = PBXBuildFile; fileRef = 5607D6B1289D6D7A0078C03C /* MainModel.swift */; };
		5607D6B6289D72E00078C03C /* MainCollectionViewCell.swift in Sources */ = {isa = PBXBuildFile; fileRef = 5607D6B4289D72E00078C03C /* MainCollectionViewCell.swift */; };
		5607D6B7289D72E00078C03C /* MainCollectionViewCell.xib in Resources */ = {isa = PBXBuildFile; fileRef = 5607D6B5289D72E00078C03C /* MainCollectionViewCell.xib */; };
		56177BE128A64F1E00739343 /* TabBarCoordinator.swift in Sources */ = {isa = PBXBuildFile; fileRef = 56177BE028A64F1E00739343 /* TabBarCoordinator.swift */; };
		56177BE528A6505800739343 /* Coordinator.swift in Sources */ = {isa = PBXBuildFile; fileRef = 56177BE428A6505800739343 /* Coordinator.swift */; };
		56177BED28A663CB00739343 /* TabCoordinator.swift in Sources */ = {isa = PBXBuildFile; fileRef = 56177BEC28A663CB00739343 /* TabCoordinator.swift */; };
		56177BEF28A6655200739343 /* CoordinatorType.swift in Sources */ = {isa = PBXBuildFile; fileRef = 56177BEE28A6655200739343 /* CoordinatorType.swift */; };
		56177BF128A6A03C00739343 /* AppCoordinator.swift in Sources */ = {isa = PBXBuildFile; fileRef = 56177BF028A6A03C00739343 /* AppCoordinator.swift */; };
		56275C3028A2DE6800FFCF18 /* ApiExample.JSON in Resources */ = {isa = PBXBuildFile; fileRef = 56275C2F28A2DE6800FFCF18 /* ApiExample.JSON */; };
		56275C3228A2DEC100FFCF18 /* ServerHowTo.md in Resources */ = {isa = PBXBuildFile; fileRef = 56275C3128A2DEC100FFCF18 /* ServerHowTo.md */; };
		56275C3A28A2E8C200FFCF18 /* FavoriteService.swift in Sources */ = {isa = PBXBuildFile; fileRef = 56275C3928A2E8C200FFCF18 /* FavoriteService.swift */; };
		566662F1289FE5A000BF395C /* FavoriteViewController.swift in Sources */ = {isa = PBXBuildFile; fileRef = 566662EF289FE5A000BF395C /* FavoriteViewController.swift */; };
		566662F2289FE5A000BF395C /* FavoriteViewController.xib in Resources */ = {isa = PBXBuildFile; fileRef = 566662F0289FE5A000BF395C /* FavoriteViewController.xib */; };
		566662F6289FEB1B00BF395C /* FavoriteViewCell.swift in Sources */ = {isa = PBXBuildFile; fileRef = 566662F4289FEB1B00BF395C /* FavoriteViewCell.swift */; };
		566662F7289FEB1B00BF395C /* FavoriteViewCell.xib in Resources */ = {isa = PBXBuildFile; fileRef = 566662F5289FEB1B00BF395C /* FavoriteViewCell.xib */; };
		568BDF1928A779E200080E3F /* MainViewPresenter.swift in Sources */ = {isa = PBXBuildFile; fileRef = 568BDF1828A779E200080E3F /* MainViewPresenter.swift */; };
		568BDF1B28A7B43800080E3F /* TabViewFactory.swift in Sources */ = {isa = PBXBuildFile; fileRef = 568BDF1A28A7B43800080E3F /* TabViewFactory.swift */; };
		568BDF1D28A7C69300080E3F /* CoordinatorDelegate.swift in Sources */ = {isa = PBXBuildFile; fileRef = 568BDF1C28A7C69300080E3F /* CoordinatorDelegate.swift */; };
		568BDF2128A7C7E100080E3F /* MainViewInput.swift in Sources */ = {isa = PBXBuildFile; fileRef = 568BDF2028A7C7E100080E3F /* MainViewInput.swift */; };
		568BDF2328A7CAB000080E3F /* MainViewOutput.swift in Sources */ = {isa = PBXBuildFile; fileRef = 568BDF2228A7CAB000080E3F /* MainViewOutput.swift */; };
		568BDF2828A7EB9800080E3F /* ErrorStateView.xib in Resources */ = {isa = PBXBuildFile; fileRef = 568BDF2728A7EB9800080E3F /* ErrorStateView.xib */; };
		568BDF2A28A7EBCD00080E3F /* ErrorStateView.swift in Sources */ = {isa = PBXBuildFile; fileRef = 568BDF2928A7EBCD00080E3F /* ErrorStateView.swift */; };
		56ABCBD0289953830057D7AB /* AppDelegate.swift in Sources */ = {isa = PBXBuildFile; fileRef = 56ABCBCF289953830057D7AB /* AppDelegate.swift */; };
		56ABCBD9289953850057D7AB /* Assets.xcassets in Resources */ = {isa = PBXBuildFile; fileRef = 56ABCBD8289953850057D7AB /* Assets.xcassets */; };
		56ABCBDC289953850057D7AB /* LaunchScreen.storyboard in Resources */ = {isa = PBXBuildFile; fileRef = 56ABCBDA289953850057D7AB /* LaunchScreen.storyboard */; };
		56B77644289EAC37000F2E2E /* Picture.swift in Sources */ = {isa = PBXBuildFile; fileRef = 56B77643289EAC37000F2E2E /* Picture.swift */; };
		56E6B8D6289DC5FF00FC7650 /* DetailTableViewController.swift in Sources */ = {isa = PBXBuildFile; fileRef = 56E6B8D4289DC5FF00FC7650 /* DetailTableViewController.swift */; };
		56E6B8D7289DC5FF00FC7650 /* DetailTableViewController.xib in Resources */ = {isa = PBXBuildFile; fileRef = 56E6B8D5289DC5FF00FC7650 /* DetailTableViewController.xib */; };
		56E6B8DB289DC68A00FC7650 /* ImageTableViewCell.swift in Sources */ = {isa = PBXBuildFile; fileRef = 56E6B8D9289DC68A00FC7650 /* ImageTableViewCell.swift */; };
		56E6B8DC289DC68A00FC7650 /* ImageTableViewCell.xib in Resources */ = {isa = PBXBuildFile; fileRef = 56E6B8DA289DC68A00FC7650 /* ImageTableViewCell.xib */; };
		56E6B8E2289DC6C600FC7650 /* LabelTableViewCell.swift in Sources */ = {isa = PBXBuildFile; fileRef = 56E6B8E0289DC6C600FC7650 /* LabelTableViewCell.swift */; };
		56E6B8E3289DC6C600FC7650 /* LabelTableViewCell.xib in Resources */ = {isa = PBXBuildFile; fileRef = 56E6B8E1289DC6C600FC7650 /* LabelTableViewCell.xib */; };
		56E6B8E6289DC6D500FC7650 /* TextTableViewCell.swift in Sources */ = {isa = PBXBuildFile; fileRef = 56E6B8E4289DC6D500FC7650 /* TextTableViewCell.swift */; };
		56E6B8E7289DC6D500FC7650 /* TextTableViewCell.xib in Resources */ = {isa = PBXBuildFile; fileRef = 56E6B8E5289DC6D500FC7650 /* TextTableViewCell.xib */; };
/* End PBXBuildFile section */

/* Begin PBXFileReference section */
		560142D8289A6897001F8C55 /* MainViewController.swift */ = {isa = PBXFileReference; lastKnownFileType = sourcecode.swift; path = MainViewController.swift; sourceTree = "<group>"; };
		560142D9289A6897001F8C55 /* MainViewController.xib */ = {isa = PBXFileReference; lastKnownFileType = file.xib; path = MainViewController.xib; sourceTree = "<group>"; };
		560142DC289A6A77001F8C55 /* ProfileViewController.swift */ = {isa = PBXFileReference; lastKnownFileType = sourcecode.swift; path = ProfileViewController.swift; sourceTree = "<group>"; };
		560142DD289A6A77001F8C55 /* ProfileViewController.xib */ = {isa = PBXFileReference; lastKnownFileType = file.xib; path = ProfileViewController.xib; sourceTree = "<group>"; };
		560142EC289A72C9001F8C55 /* TabBarPage.swift */ = {isa = PBXFileReference; lastKnownFileType = sourcecode.swift; path = TabBarPage.swift; sourceTree = "<group>"; };
		560142F1289AB672001F8C55 /* SearchViewController.swift */ = {isa = PBXFileReference; lastKnownFileType = sourcecode.swift; path = SearchViewController.swift; sourceTree = "<group>"; };
		560142F2289AB672001F8C55 /* SearchViewController.xib */ = {isa = PBXFileReference; lastKnownFileType = file.xib; path = SearchViewController.xib; sourceTree = "<group>"; };
		5607681B28A186600010B977 /* AuthRequestModel.swift */ = {isa = PBXFileReference; fileEncoding = 4; lastKnownFileType = sourcecode.swift; path = AuthRequestModel.swift; sourceTree = "<group>"; };
		5607681C28A186600010B977 /* AuthResponceModel.swift */ = {isa = PBXFileReference; fileEncoding = 4; lastKnownFileType = sourcecode.swift; path = AuthResponceModel.swift; sourceTree = "<group>"; };
		5607681D28A186600010B977 /* AuthService.swift */ = {isa = PBXFileReference; fileEncoding = 4; lastKnownFileType = sourcecode.swift; path = AuthService.swift; sourceTree = "<group>"; };
		5607681F28A186600010B977 /* BaseNetworkTask.swift */ = {isa = PBXFileReference; fileEncoding = 4; lastKnownFileType = sourcecode.swift; path = BaseNetworkTask.swift; sourceTree = "<group>"; };
		5607682028A186600010B977 /* EmptyModel.swift */ = {isa = PBXFileReference; fileEncoding = 4; lastKnownFileType = sourcecode.swift; path = EmptyModel.swift; sourceTree = "<group>"; };
		5607682128A186600010B977 /* NetworkMethod.swift */ = {isa = PBXFileReference; fileEncoding = 4; lastKnownFileType = sourcecode.swift; path = NetworkMethod.swift; sourceTree = "<group>"; };
		5607682228A186600010B977 /* NetworkTask.swift */ = {isa = PBXFileReference; fileEncoding = 4; lastKnownFileType = sourcecode.swift; path = NetworkTask.swift; sourceTree = "<group>"; };
		5607682428A186600010B977 /* ImageLoader.swift */ = {isa = PBXFileReference; fileEncoding = 4; lastKnownFileType = sourcecode.swift; path = ImageLoader.swift; sourceTree = "<group>"; };
		5607682528A186600010B977 /* UIImageView+ImageLoader.swift */ = {isa = PBXFileReference; fileEncoding = 4; lastKnownFileType = sourcecode.swift; path = "UIImageView+ImageLoader.swift"; sourceTree = "<group>"; };
		5607682728A186600010B977 /* PictureResponceModel.swift */ = {isa = PBXFileReference; fileEncoding = 4; lastKnownFileType = sourcecode.swift; path = PictureResponceModel.swift; sourceTree = "<group>"; };
		5607682828A186600010B977 /* PictureService.swift */ = {isa = PBXFileReference; fileEncoding = 4; lastKnownFileType = sourcecode.swift; path = PictureService.swift; sourceTree = "<group>"; };
		5607682A28A186600010B977 /* BaseTokenStorage.swift */ = {isa = PBXFileReference; fileEncoding = 4; lastKnownFileType = sourcecode.swift; path = BaseTokenStorage.swift; sourceTree = "<group>"; };
		5607682B28A186600010B977 /* TokenContainer.swift */ = {isa = PBXFileReference; fileEncoding = 4; lastKnownFileType = sourcecode.swift; path = TokenContainer.swift; sourceTree = "<group>"; };
		5607682C28A186600010B977 /* TokenStorage.swift */ = {isa = PBXFileReference; fileEncoding = 4; lastKnownFileType = sourcecode.swift; path = TokenStorage.swift; sourceTree = "<group>"; };
		5607D6B1289D6D7A0078C03C /* MainModel.swift */ = {isa = PBXFileReference; lastKnownFileType = sourcecode.swift; name = MainModel.swift; path = "../New Group/MainModel.swift"; sourceTree = "<group>"; };
		5607D6B4289D72E00078C03C /* MainCollectionViewCell.swift */ = {isa = PBXFileReference; lastKnownFileType = sourcecode.swift; path = MainCollectionViewCell.swift; sourceTree = "<group>"; };
		5607D6B5289D72E00078C03C /* MainCollectionViewCell.xib */ = {isa = PBXFileReference; lastKnownFileType = file.xib; path = MainCollectionViewCell.xib; sourceTree = "<group>"; };
		56177BE028A64F1E00739343 /* TabBarCoordinator.swift */ = {isa = PBXFileReference; lastKnownFileType = sourcecode.swift; path = TabBarCoordinator.swift; sourceTree = "<group>"; };
		56177BE428A6505800739343 /* Coordinator.swift */ = {isa = PBXFileReference; lastKnownFileType = sourcecode.swift; path = Coordinator.swift; sourceTree = "<group>"; };
		56177BEC28A663CB00739343 /* TabCoordinator.swift */ = {isa = PBXFileReference; lastKnownFileType = sourcecode.swift; path = TabCoordinator.swift; sourceTree = "<group>"; };
		56177BEE28A6655200739343 /* CoordinatorType.swift */ = {isa = PBXFileReference; lastKnownFileType = sourcecode.swift; path = CoordinatorType.swift; sourceTree = "<group>"; };
		56177BF028A6A03C00739343 /* AppCoordinator.swift */ = {isa = PBXFileReference; lastKnownFileType = sourcecode.swift; path = AppCoordinator.swift; sourceTree = "<group>"; };
		56275C2F28A2DE6800FFCF18 /* ApiExample.JSON */ = {isa = PBXFileReference; fileEncoding = 4; lastKnownFileType = text.json; path = ApiExample.JSON; sourceTree = "<group>"; };
		56275C3128A2DEC100FFCF18 /* ServerHowTo.md */ = {isa = PBXFileReference; fileEncoding = 4; lastKnownFileType = net.daringfireball.markdown; path = ServerHowTo.md; sourceTree = "<group>"; };
		56275C3928A2E8C200FFCF18 /* FavoriteService.swift */ = {isa = PBXFileReference; lastKnownFileType = sourcecode.swift; path = FavoriteService.swift; sourceTree = "<group>"; };
		566662EF289FE5A000BF395C /* FavoriteViewController.swift */ = {isa = PBXFileReference; lastKnownFileType = sourcecode.swift; path = FavoriteViewController.swift; sourceTree = "<group>"; };
		566662F0289FE5A000BF395C /* FavoriteViewController.xib */ = {isa = PBXFileReference; lastKnownFileType = file.xib; path = FavoriteViewController.xib; sourceTree = "<group>"; };
		566662F4289FEB1B00BF395C /* FavoriteViewCell.swift */ = {isa = PBXFileReference; lastKnownFileType = sourcecode.swift; path = FavoriteViewCell.swift; sourceTree = "<group>"; };
		566662F5289FEB1B00BF395C /* FavoriteViewCell.xib */ = {isa = PBXFileReference; lastKnownFileType = file.xib; path = FavoriteViewCell.xib; sourceTree = "<group>"; };
		568BDF1828A779E200080E3F /* MainViewPresenter.swift */ = {isa = PBXFileReference; lastKnownFileType = sourcecode.swift; path = MainViewPresenter.swift; sourceTree = "<group>"; };
		568BDF1A28A7B43800080E3F /* TabViewFactory.swift */ = {isa = PBXFileReference; lastKnownFileType = sourcecode.swift; path = TabViewFactory.swift; sourceTree = "<group>"; };
		568BDF1C28A7C69300080E3F /* CoordinatorDelegate.swift */ = {isa = PBXFileReference; lastKnownFileType = sourcecode.swift; path = CoordinatorDelegate.swift; sourceTree = "<group>"; };
		568BDF2028A7C7E100080E3F /* MainViewInput.swift */ = {isa = PBXFileReference; lastKnownFileType = sourcecode.swift; path = MainViewInput.swift; sourceTree = "<group>"; };
		568BDF2228A7CAB000080E3F /* MainViewOutput.swift */ = {isa = PBXFileReference; lastKnownFileType = sourcecode.swift; path = MainViewOutput.swift; sourceTree = "<group>"; };
		568BDF2728A7EB9800080E3F /* ErrorStateView.xib */ = {isa = PBXFileReference; lastKnownFileType = file.xib; path = ErrorStateView.xib; sourceTree = "<group>"; };
		568BDF2928A7EBCD00080E3F /* ErrorStateView.swift */ = {isa = PBXFileReference; lastKnownFileType = sourcecode.swift; path = ErrorStateView.swift; sourceTree = "<group>"; };
		56ABCBCC289953830057D7AB /* myGalleryApp.app */ = {isa = PBXFileReference; explicitFileType = wrapper.application; includeInIndex = 0; path = myGalleryApp.app; sourceTree = BUILT_PRODUCTS_DIR; };
		56ABCBCF289953830057D7AB /* AppDelegate.swift */ = {isa = PBXFileReference; lastKnownFileType = sourcecode.swift; path = AppDelegate.swift; sourceTree = "<group>"; };
		56ABCBD8289953850057D7AB /* Assets.xcassets */ = {isa = PBXFileReference; lastKnownFileType = folder.assetcatalog; path = Assets.xcassets; sourceTree = "<group>"; };
		56ABCBDB289953850057D7AB /* Base */ = {isa = PBXFileReference; lastKnownFileType = file.storyboard; name = Base; path = Base.lproj/LaunchScreen.storyboard; sourceTree = "<group>"; };
		56ABCBDD289953850057D7AB /* Info.plist */ = {isa = PBXFileReference; lastKnownFileType = text.plist.xml; path = Info.plist; sourceTree = "<group>"; };
		56B77643289EAC37000F2E2E /* Picture.swift */ = {isa = PBXFileReference; lastKnownFileType = sourcecode.swift; path = Picture.swift; sourceTree = "<group>"; };
		56E6B8D4289DC5FF00FC7650 /* DetailTableViewController.swift */ = {isa = PBXFileReference; lastKnownFileType = sourcecode.swift; path = DetailTableViewController.swift; sourceTree = "<group>"; };
		56E6B8D5289DC5FF00FC7650 /* DetailTableViewController.xib */ = {isa = PBXFileReference; lastKnownFileType = file.xib; path = DetailTableViewController.xib; sourceTree = "<group>"; };
		56E6B8D9289DC68A00FC7650 /* ImageTableViewCell.swift */ = {isa = PBXFileReference; lastKnownFileType = sourcecode.swift; path = ImageTableViewCell.swift; sourceTree = "<group>"; };
		56E6B8DA289DC68A00FC7650 /* ImageTableViewCell.xib */ = {isa = PBXFileReference; lastKnownFileType = file.xib; path = ImageTableViewCell.xib; sourceTree = "<group>"; };
		56E6B8E0289DC6C600FC7650 /* LabelTableViewCell.swift */ = {isa = PBXFileReference; lastKnownFileType = sourcecode.swift; path = LabelTableViewCell.swift; sourceTree = "<group>"; };
		56E6B8E1289DC6C600FC7650 /* LabelTableViewCell.xib */ = {isa = PBXFileReference; lastKnownFileType = file.xib; path = LabelTableViewCell.xib; sourceTree = "<group>"; };
		56E6B8E4289DC6D500FC7650 /* TextTableViewCell.swift */ = {isa = PBXFileReference; lastKnownFileType = sourcecode.swift; path = TextTableViewCell.swift; sourceTree = "<group>"; };
		56E6B8E5289DC6D500FC7650 /* TextTableViewCell.xib */ = {isa = PBXFileReference; lastKnownFileType = file.xib; path = TextTableViewCell.xib; sourceTree = "<group>"; };
/* End PBXFileReference section */

/* Begin PBXFrameworksBuildPhase section */
		56ABCBC9289953830057D7AB /* Frameworks */ = {
			isa = PBXFrameworksBuildPhase;
			buildActionMask = 2147483647;
			files = (
			);
			runOnlyForDeploymentPostprocessing = 0;
		};
/* End PBXFrameworksBuildPhase section */

/* Begin PBXGroup section */
		560142E2289A71A2001F8C55 /* MainFlow */ = {
			isa = PBXGroup;
			children = (
				56E6B8D3289DC5A600FC7650 /* ProfileFlow */,
				56E6B8D2289DC59E00FC7650 /* FavoriteFlow */,
				56E6B8D1289DC56D00FC7650 /* HomeFlow */,
				560142F0289AB63C001F8C55 /* SearchModule */,
				560142EB289A7273001F8C55 /* TabBarModule */,
			);
			path = MainFlow;
			sourceTree = "<group>";
		};
		560142E4289A71CA001F8C55 /* MainModule */ = {
			isa = PBXGroup;
			children = (
				568BDF2428A7EB2100080E3F /* States */,
				568BDF1F28A7C73B00080E3F /* Protocols */,
				56275C3328A2DFF000FFCF18 /* Model */,
				5607D6B3289D72C40078C03C /* Cells */,
				560142D8289A6897001F8C55 /* MainViewController.swift */,
				568BDF1828A779E200080E3F /* MainViewPresenter.swift */,
				560142D9289A6897001F8C55 /* MainViewController.xib */,
			);
			path = MainModule;
			sourceTree = "<group>";
		};
		560142E5289A71D6001F8C55 /* ProfileModule */ = {
			isa = PBXGroup;
			children = (
				560142DD289A6A77001F8C55 /* ProfileViewController.xib */,
				560142DC289A6A77001F8C55 /* ProfileViewController.swift */,
			);
			path = ProfileModule;
			sourceTree = "<group>";
		};
		560142E6289A71F9001F8C55 /* FavoriteModule */ = {
			isa = PBXGroup;
			children = (
				566662F3289FEB0100BF395C /* Cells */,
				566662EF289FE5A000BF395C /* FavoriteViewController.swift */,
				566662F0289FE5A000BF395C /* FavoriteViewController.xib */,
			);
			path = FavoriteModule;
			sourceTree = "<group>";
		};
		560142EB289A7273001F8C55 /* TabBarModule */ = {
			isa = PBXGroup;
			children = (
				560142EC289A72C9001F8C55 /* TabBarPage.swift */,
			);
			path = TabBarModule;
			sourceTree = "<group>";
		};
		560142F0289AB63C001F8C55 /* SearchModule */ = {
			isa = PBXGroup;
			children = (
				560142F1289AB672001F8C55 /* SearchViewController.swift */,
				560142F2289AB672001F8C55 /* SearchViewController.xib */,
			);
			path = SearchModule;
			sourceTree = "<group>";
		};
		5607681828A186600010B977 /* Services */ = {
			isa = PBXGroup;
			children = (
				56275C3428A2E72F00FFCF18 /* FavoriteService */,
				5607681928A186600010B977 /* Networking */,
			);
			path = Services;
			sourceTree = "<group>";
		};
		5607681928A186600010B977 /* Networking */ = {
			isa = PBXGroup;
			children = (
				5607681A28A186600010B977 /* AuthService */,
				5607681E28A186600010B977 /* Core */,
				5607682328A186600010B977 /* ImageLoader */,
				5607682628A186600010B977 /* PictureService */,
				5607682928A186600010B977 /* Storage */,
			);
			path = Networking;
			sourceTree = "<group>";
		};
		5607681A28A186600010B977 /* AuthService */ = {
			isa = PBXGroup;
			children = (
				5607681B28A186600010B977 /* AuthRequestModel.swift */,
				5607681C28A186600010B977 /* AuthResponceModel.swift */,
				5607681D28A186600010B977 /* AuthService.swift */,
			);
			path = AuthService;
			sourceTree = "<group>";
		};
		5607681E28A186600010B977 /* Core */ = {
			isa = PBXGroup;
			children = (
				5607681F28A186600010B977 /* BaseNetworkTask.swift */,
				5607682028A186600010B977 /* EmptyModel.swift */,
				5607682128A186600010B977 /* NetworkMethod.swift */,
				5607682228A186600010B977 /* NetworkTask.swift */,
			);
			path = Core;
			sourceTree = "<group>";
		};
		5607682328A186600010B977 /* ImageLoader */ = {
			isa = PBXGroup;
			children = (
				5607682428A186600010B977 /* ImageLoader.swift */,
				5607682528A186600010B977 /* UIImageView+ImageLoader.swift */,
			);
			path = ImageLoader;
			sourceTree = "<group>";
		};
		5607682628A186600010B977 /* PictureService */ = {
			isa = PBXGroup;
			children = (
				5607682728A186600010B977 /* PictureResponceModel.swift */,
				5607682828A186600010B977 /* PictureService.swift */,
			);
			path = PictureService;
			sourceTree = "<group>";
		};
		5607682928A186600010B977 /* Storage */ = {
			isa = PBXGroup;
			children = (
				5607682B28A186600010B977 /* TokenContainer.swift */,
				5607682C28A186600010B977 /* TokenStorage.swift */,
				5607682A28A186600010B977 /* BaseTokenStorage.swift */,
			);
			path = Storage;
			sourceTree = "<group>";
		};
		5607D6B3289D72C40078C03C /* Cells */ = {
			isa = PBXGroup;
			children = (
				5607D6B4289D72E00078C03C /* MainCollectionViewCell.swift */,
				5607D6B5289D72E00078C03C /* MainCollectionViewCell.xib */,
			);
			path = Cells;
			sourceTree = "<group>";
		};
		56177BE328A6500F00739343 /* Protocols */ = {
			isa = PBXGroup;
			children = (
				56177BE028A64F1E00739343 /* TabBarCoordinator.swift */,
				56177BE428A6505800739343 /* Coordinator.swift */,
				568BDF1C28A7C69300080E3F /* CoordinatorDelegate.swift */,
			);
			path = Protocols;
			sourceTree = "<group>";
		};
		56177BEB28A661FC00739343 /* Coordinator */ = {
			isa = PBXGroup;
			children = (
				56177BE328A6500F00739343 /* Protocols */,
				56177BEE28A6655200739343 /* CoordinatorType.swift */,
				56177BF028A6A03C00739343 /* AppCoordinator.swift */,
				56177BEC28A663CB00739343 /* TabCoordinator.swift */,
			);
			path = Coordinator;
			sourceTree = "<group>";
		};
		56275C2E28A2DE1200FFCF18 /* Helpers */ = {
			isa = PBXGroup;
			children = (
				56275C2F28A2DE6800FFCF18 /* ApiExample.JSON */,
				56275C3128A2DEC100FFCF18 /* ServerHowTo.md */,
			);
			path = Helpers;
			sourceTree = "<group>";
		};
		56275C3328A2DFF000FFCF18 /* Model */ = {
			isa = PBXGroup;
			children = (
				5607D6B1289D6D7A0078C03C /* MainModel.swift */,
				56B77643289EAC37000F2E2E /* Picture.swift */,
			);
			path = Model;
			sourceTree = "<group>";
		};
		56275C3428A2E72F00FFCF18 /* FavoriteService */ = {
			isa = PBXGroup;
			children = (
				56275C3928A2E8C200FFCF18 /* FavoriteService.swift */,
			);
			path = FavoriteService;
			sourceTree = "<group>";
		};
		566662F3289FEB0100BF395C /* Cells */ = {
			isa = PBXGroup;
			children = (
				566662F4289FEB1B00BF395C /* FavoriteViewCell.swift */,
				566662F5289FEB1B00BF395C /* FavoriteViewCell.xib */,
			);
			path = Cells;
			sourceTree = "<group>";
		};
		568BDF1E28A7C6CE00080E3F /* Factory */ = {
			isa = PBXGroup;
			children = (
				568BDF1A28A7B43800080E3F /* TabViewFactory.swift */,
			);
			path = Factory;
			sourceTree = "<group>";
		};
		568BDF1F28A7C73B00080E3F /* Protocols */ = {
			isa = PBXGroup;
			children = (
				568BDF2028A7C7E100080E3F /* MainViewInput.swift */,
				568BDF2228A7CAB000080E3F /* MainViewOutput.swift */,
			);
			path = Protocols;
			sourceTree = "<group>";
		};
		568BDF2428A7EB2100080E3F /* States */ = {
			isa = PBXGroup;
			children = (
				568BDF2628A7EB3000080E3F /* ErrorState */,
				568BDF2528A7EB2700080E3F /* LoadingState */,
			);
			path = States;
			sourceTree = "<group>";
		};
		568BDF2528A7EB2700080E3F /* LoadingState */ = {
			isa = PBXGroup;
			children = (
			);
			path = LoadingState;
			sourceTree = "<group>";
		};
		568BDF2628A7EB3000080E3F /* ErrorState */ = {
			isa = PBXGroup;
			children = (
				568BDF2728A7EB9800080E3F /* ErrorStateView.xib */,
				568BDF2928A7EBCD00080E3F /* ErrorStateView.swift */,
			);
			path = ErrorState;
			sourceTree = "<group>";
		};
		56ABCBC3289953830057D7AB = {
			isa = PBXGroup;
			children = (
				56ABCBCE289953830057D7AB /* myGalleryApp */,
				56ABCBCD289953830057D7AB /* Products */,
			);
			sourceTree = "<group>";
		};
		56ABCBCD289953830057D7AB /* Products */ = {
			isa = PBXGroup;
			children = (
				56ABCBCC289953830057D7AB /* myGalleryApp.app */,
			);
			name = Products;
			sourceTree = "<group>";
		};
		56ABCBCE289953830057D7AB /* myGalleryApp */ = {
			isa = PBXGroup;
			children = (
				56ABCBE3289956430057D7AB /* App */,
				5607681828A186600010B977 /* Services */,
				56ABCBE5289956570057D7AB /* LaunchScreen */,
				560142E2289A71A2001F8C55 /* MainFlow */,
				56ABCBE72899566A0057D7AB /* Assets */,
				56275C2E28A2DE1200FFCF18 /* Helpers */,
			);
			path = myGalleryApp;
			sourceTree = "<group>";
		};
		56ABCBE3289956430057D7AB /* App */ = {
			isa = PBXGroup;
			children = (
				568BDF1E28A7C6CE00080E3F /* Factory */,
				56177BEB28A661FC00739343 /* Coordinator */,
				56ABCBCF289953830057D7AB /* AppDelegate.swift */,
				56ABCBDD289953850057D7AB /* Info.plist */,
			);
			path = App;
			sourceTree = "<group>";
		};
		56ABCBE5289956570057D7AB /* LaunchScreen */ = {
			isa = PBXGroup;
			children = (
				56ABCBDA289953850057D7AB /* LaunchScreen.storyboard */,
			);
			path = LaunchScreen;
			sourceTree = "<group>";
		};
		56ABCBE72899566A0057D7AB /* Assets */ = {
			isa = PBXGroup;
			children = (
				56ABCBD8289953850057D7AB /* Assets.xcassets */,
			);
			path = Assets;
			sourceTree = "<group>";
		};
		56E6B8D0289DC53600FC7650 /* DetailModule */ = {
			isa = PBXGroup;
			children = (
				56E6B8D8289DC66900FC7650 /* Cells */,
				56E6B8D4289DC5FF00FC7650 /* DetailTableViewController.swift */,
				56E6B8D5289DC5FF00FC7650 /* DetailTableViewController.xib */,
			);
			path = DetailModule;
			sourceTree = "<group>";
		};
		56E6B8D1289DC56D00FC7650 /* HomeFlow */ = {
			isa = PBXGroup;
			children = (
				560142E4289A71CA001F8C55 /* MainModule */,
				56E6B8D0289DC53600FC7650 /* DetailModule */,
			);
			path = HomeFlow;
			sourceTree = "<group>";
		};
		56E6B8D2289DC59E00FC7650 /* FavoriteFlow */ = {
			isa = PBXGroup;
			children = (
				560142E6289A71F9001F8C55 /* FavoriteModule */,
			);
			path = FavoriteFlow;
			sourceTree = "<group>";
		};
		56E6B8D3289DC5A600FC7650 /* ProfileFlow */ = {
			isa = PBXGroup;
			children = (
				560142E5289A71D6001F8C55 /* ProfileModule */,
			);
			path = ProfileFlow;
			sourceTree = "<group>";
		};
		56E6B8D8289DC66900FC7650 /* Cells */ = {
			isa = PBXGroup;
			children = (
				56E6B8DD289DC69300FC7650 /* Image */,
				56E6B8DE289DC69B00FC7650 /* Label */,
				56E6B8DF289DC6A300FC7650 /* Text */,
			);
			path = Cells;
			sourceTree = "<group>";
		};
		56E6B8DD289DC69300FC7650 /* Image */ = {
			isa = PBXGroup;
			children = (
				56E6B8D9289DC68A00FC7650 /* ImageTableViewCell.swift */,
				56E6B8DA289DC68A00FC7650 /* ImageTableViewCell.xib */,
			);
			path = Image;
			sourceTree = "<group>";
		};
		56E6B8DE289DC69B00FC7650 /* Label */ = {
			isa = PBXGroup;
			children = (
				56E6B8E0289DC6C600FC7650 /* LabelTableViewCell.swift */,
				56E6B8E1289DC6C600FC7650 /* LabelTableViewCell.xib */,
			);
			path = Label;
			sourceTree = "<group>";
		};
		56E6B8DF289DC6A300FC7650 /* Text */ = {
			isa = PBXGroup;
			children = (
				56E6B8E4289DC6D500FC7650 /* TextTableViewCell.swift */,
				56E6B8E5289DC6D500FC7650 /* TextTableViewCell.xib */,
			);
			path = Text;
			sourceTree = "<group>";
		};
/* End PBXGroup section */

/* Begin PBXNativeTarget section */
		56ABCBCB289953830057D7AB /* myGalleryApp */ = {
			isa = PBXNativeTarget;
			buildConfigurationList = 56ABCBE0289953850057D7AB /* Build configuration list for PBXNativeTarget "myGalleryApp" */;
			buildPhases = (
				56ABCBC8289953830057D7AB /* Sources */,
				56ABCBC9289953830057D7AB /* Frameworks */,
				56ABCBCA289953830057D7AB /* Resources */,
			);
			buildRules = (
			);
			dependencies = (
			);
			name = myGalleryApp;
			productName = myGalleryApp;
			productReference = 56ABCBCC289953830057D7AB /* myGalleryApp.app */;
			productType = "com.apple.product-type.application";
		};
/* End PBXNativeTarget section */

/* Begin PBXProject section */
		56ABCBC4289953830057D7AB /* Project object */ = {
			isa = PBXProject;
			attributes = {
				BuildIndependentTargetsInParallel = 1;
				LastSwiftUpdateCheck = 1330;
				LastUpgradeCheck = 1330;
				TargetAttributes = {
					56ABCBCB289953830057D7AB = {
						CreatedOnToolsVersion = 13.3;
					};
				};
			};
			buildConfigurationList = 56ABCBC7289953830057D7AB /* Build configuration list for PBXProject "myGalleryApp" */;
			compatibilityVersion = "Xcode 13.0";
			developmentRegion = en;
			hasScannedForEncodings = 0;
			knownRegions = (
				en,
				Base,
			);
			mainGroup = 56ABCBC3289953830057D7AB;
			productRefGroup = 56ABCBCD289953830057D7AB /* Products */;
			projectDirPath = "";
			projectRoot = "";
			targets = (
				56ABCBCB289953830057D7AB /* myGalleryApp */,
			);
		};
/* End PBXProject section */

/* Begin PBXResourcesBuildPhase section */
		56ABCBCA289953830057D7AB /* Resources */ = {
			isa = PBXResourcesBuildPhase;
			buildActionMask = 2147483647;
			files = (
				56275C3028A2DE6800FFCF18 /* ApiExample.JSON in Resources */,
				566662F7289FEB1B00BF395C /* FavoriteViewCell.xib in Resources */,
				56E6B8DC289DC68A00FC7650 /* ImageTableViewCell.xib in Resources */,
				568BDF2828A7EB9800080E3F /* ErrorStateView.xib in Resources */,
				56275C3228A2DEC100FFCF18 /* ServerHowTo.md in Resources */,
				56E6B8D7289DC5FF00FC7650 /* DetailTableViewController.xib in Resources */,
				56ABCBDC289953850057D7AB /* LaunchScreen.storyboard in Resources */,
				56E6B8E7289DC6D500FC7650 /* TextTableViewCell.xib in Resources */,
				560142DB289A6897001F8C55 /* MainViewController.xib in Resources */,
				560142F4289AB672001F8C55 /* SearchViewController.xib in Resources */,
				560142DF289A6A77001F8C55 /* ProfileViewController.xib in Resources */,
				566662F2289FE5A000BF395C /* FavoriteViewController.xib in Resources */,
				56E6B8E3289DC6C600FC7650 /* LabelTableViewCell.xib in Resources */,
				5607D6B7289D72E00078C03C /* MainCollectionViewCell.xib in Resources */,
				56ABCBD9289953850057D7AB /* Assets.xcassets in Resources */,
			);
			runOnlyForDeploymentPostprocessing = 0;
		};
/* End PBXResourcesBuildPhase section */

/* Begin PBXSourcesBuildPhase section */
		56ABCBC8289953830057D7AB /* Sources */ = {
			isa = PBXSourcesBuildPhase;
			buildActionMask = 2147483647;
			files = (
				56E6B8D6289DC5FF00FC7650 /* DetailTableViewController.swift in Sources */,
				5607682D28A186600010B977 /* AuthRequestModel.swift in Sources */,
				5607683928A186600010B977 /* TokenContainer.swift in Sources */,
				5607683428A186600010B977 /* ImageLoader.swift in Sources */,
				56275C3A28A2E8C200FFCF18 /* FavoriteService.swift in Sources */,
				566662F1289FE5A000BF395C /* FavoriteViewController.swift in Sources */,
				56177BED28A663CB00739343 /* TabCoordinator.swift in Sources */,
				566662F6289FEB1B00BF395C /* FavoriteViewCell.swift in Sources */,
				560142F3289AB672001F8C55 /* SearchViewController.swift in Sources */,
				5607683328A186600010B977 /* NetworkTask.swift in Sources */,
				56E6B8E2289DC6C600FC7650 /* LabelTableViewCell.swift in Sources */,
				568BDF2328A7CAB000080E3F /* MainViewOutput.swift in Sources */,
				5607D6B6289D72E00078C03C /* MainCollectionViewCell.swift in Sources */,
				560142DA289A6897001F8C55 /* MainViewController.swift in Sources */,
				56B77644289EAC37000F2E2E /* Picture.swift in Sources */,
				5607683A28A186600010B977 /* TokenStorage.swift in Sources */,
				5607682F28A186600010B977 /* AuthService.swift in Sources */,
				56177BE528A6505800739343 /* Coordinator.swift in Sources */,
				56177BEF28A6655200739343 /* CoordinatorType.swift in Sources */,
				568BDF1D28A7C69300080E3F /* CoordinatorDelegate.swift in Sources */,
				560142DE289A6A77001F8C55 /* ProfileViewController.swift in Sources */,
				5607683128A186600010B977 /* EmptyModel.swift in Sources */,
				5607D6B2289D6D7A0078C03C /* MainModel.swift in Sources */,
				560142ED289A72C9001F8C55 /* TabBarPage.swift in Sources */,
				5607683028A186600010B977 /* BaseNetworkTask.swift in Sources */,
				568BDF1B28A7B43800080E3F /* TabViewFactory.swift in Sources */,
				56E6B8E6289DC6D500FC7650 /* TextTableViewCell.swift in Sources */,
				568BDF2128A7C7E100080E3F /* MainViewInput.swift in Sources */,
				5607683628A186600010B977 /* PictureResponceModel.swift in Sources */,
				568BDF2A28A7EBCD00080E3F /* ErrorStateView.swift in Sources */,
				568BDF1928A779E200080E3F /* MainViewPresenter.swift in Sources */,
				5607683828A186600010B977 /* BaseTokenStorage.swift in Sources */,
				56177BF128A6A03C00739343 /* AppCoordinator.swift in Sources */,
				56177BE128A64F1E00739343 /* TabBarCoordinator.swift in Sources */,
				5607682E28A186600010B977 /* AuthResponceModel.swift in Sources */,
				56E6B8DB289DC68A00FC7650 /* ImageTableViewCell.swift in Sources */,
				5607683728A186600010B977 /* PictureService.swift in Sources */,
				5607683228A186600010B977 /* NetworkMethod.swift in Sources */,
				56ABCBD0289953830057D7AB /* AppDelegate.swift in Sources */,
				5607683528A186600010B977 /* UIImageView+ImageLoader.swift in Sources */,
			);
			runOnlyForDeploymentPostprocessing = 0;
		};
/* End PBXSourcesBuildPhase section */

/* Begin PBXVariantGroup section */
		56ABCBDA289953850057D7AB /* LaunchScreen.storyboard */ = {
			isa = PBXVariantGroup;
			children = (
				56ABCBDB289953850057D7AB /* Base */,
			);
			name = LaunchScreen.storyboard;
			sourceTree = "<group>";
		};
/* End PBXVariantGroup section */

/* Begin XCBuildConfiguration section */
		56ABCBDE289953850057D7AB /* Debug */ = {
			isa = XCBuildConfiguration;
			buildSettings = {
				ALWAYS_SEARCH_USER_PATHS = NO;
				CLANG_ANALYZER_NONNULL = YES;
				CLANG_ANALYZER_NUMBER_OBJECT_CONVERSION = YES_AGGRESSIVE;
				CLANG_CXX_LANGUAGE_STANDARD = "gnu++17";
				CLANG_ENABLE_MODULES = YES;
				CLANG_ENABLE_OBJC_ARC = YES;
				CLANG_ENABLE_OBJC_WEAK = YES;
				CLANG_WARN_BLOCK_CAPTURE_AUTORELEASING = YES;
				CLANG_WARN_BOOL_CONVERSION = YES;
				CLANG_WARN_COMMA = YES;
				CLANG_WARN_CONSTANT_CONVERSION = YES;
				CLANG_WARN_DEPRECATED_OBJC_IMPLEMENTATIONS = YES;
				CLANG_WARN_DIRECT_OBJC_ISA_USAGE = YES_ERROR;
				CLANG_WARN_DOCUMENTATION_COMMENTS = YES;
				CLANG_WARN_EMPTY_BODY = YES;
				CLANG_WARN_ENUM_CONVERSION = YES;
				CLANG_WARN_INFINITE_RECURSION = YES;
				CLANG_WARN_INT_CONVERSION = YES;
				CLANG_WARN_NON_LITERAL_NULL_CONVERSION = YES;
				CLANG_WARN_OBJC_IMPLICIT_RETAIN_SELF = YES;
				CLANG_WARN_OBJC_LITERAL_CONVERSION = YES;
				CLANG_WARN_OBJC_ROOT_CLASS = YES_ERROR;
				CLANG_WARN_QUOTED_INCLUDE_IN_FRAMEWORK_HEADER = YES;
				CLANG_WARN_RANGE_LOOP_ANALYSIS = YES;
				CLANG_WARN_STRICT_PROTOTYPES = YES;
				CLANG_WARN_SUSPICIOUS_MOVE = YES;
				CLANG_WARN_UNGUARDED_AVAILABILITY = YES_AGGRESSIVE;
				CLANG_WARN_UNREACHABLE_CODE = YES;
				CLANG_WARN__DUPLICATE_METHOD_MATCH = YES;
				COPY_PHASE_STRIP = NO;
				DEBUG_INFORMATION_FORMAT = dwarf;
				ENABLE_STRICT_OBJC_MSGSEND = YES;
				ENABLE_TESTABILITY = YES;
				GCC_C_LANGUAGE_STANDARD = gnu11;
				GCC_DYNAMIC_NO_PIC = NO;
				GCC_NO_COMMON_BLOCKS = YES;
				GCC_OPTIMIZATION_LEVEL = 0;
				GCC_PREPROCESSOR_DEFINITIONS = (
					"DEBUG=1",
					"$(inherited)",
				);
				GCC_WARN_64_TO_32_BIT_CONVERSION = YES;
				GCC_WARN_ABOUT_RETURN_TYPE = YES_ERROR;
				GCC_WARN_UNDECLARED_SELECTOR = YES;
				GCC_WARN_UNINITIALIZED_AUTOS = YES_AGGRESSIVE;
				GCC_WARN_UNUSED_FUNCTION = YES;
				GCC_WARN_UNUSED_VARIABLE = YES;
				IPHONEOS_DEPLOYMENT_TARGET = 15.4;
				MTL_ENABLE_DEBUG_INFO = INCLUDE_SOURCE;
				MTL_FAST_MATH = YES;
				ONLY_ACTIVE_ARCH = YES;
				SDKROOT = iphoneos;
				SWIFT_ACTIVE_COMPILATION_CONDITIONS = DEBUG;
				SWIFT_OPTIMIZATION_LEVEL = "-Onone";
			};
			name = Debug;
		};
		56ABCBDF289953850057D7AB /* Release */ = {
			isa = XCBuildConfiguration;
			buildSettings = {
				ALWAYS_SEARCH_USER_PATHS = NO;
				CLANG_ANALYZER_NONNULL = YES;
				CLANG_ANALYZER_NUMBER_OBJECT_CONVERSION = YES_AGGRESSIVE;
				CLANG_CXX_LANGUAGE_STANDARD = "gnu++17";
				CLANG_ENABLE_MODULES = YES;
				CLANG_ENABLE_OBJC_ARC = YES;
				CLANG_ENABLE_OBJC_WEAK = YES;
				CLANG_WARN_BLOCK_CAPTURE_AUTORELEASING = YES;
				CLANG_WARN_BOOL_CONVERSION = YES;
				CLANG_WARN_COMMA = YES;
				CLANG_WARN_CONSTANT_CONVERSION = YES;
				CLANG_WARN_DEPRECATED_OBJC_IMPLEMENTATIONS = YES;
				CLANG_WARN_DIRECT_OBJC_ISA_USAGE = YES_ERROR;
				CLANG_WARN_DOCUMENTATION_COMMENTS = YES;
				CLANG_WARN_EMPTY_BODY = YES;
				CLANG_WARN_ENUM_CONVERSION = YES;
				CLANG_WARN_INFINITE_RECURSION = YES;
				CLANG_WARN_INT_CONVERSION = YES;
				CLANG_WARN_NON_LITERAL_NULL_CONVERSION = YES;
				CLANG_WARN_OBJC_IMPLICIT_RETAIN_SELF = YES;
				CLANG_WARN_OBJC_LITERAL_CONVERSION = YES;
				CLANG_WARN_OBJC_ROOT_CLASS = YES_ERROR;
				CLANG_WARN_QUOTED_INCLUDE_IN_FRAMEWORK_HEADER = YES;
				CLANG_WARN_RANGE_LOOP_ANALYSIS = YES;
				CLANG_WARN_STRICT_PROTOTYPES = YES;
				CLANG_WARN_SUSPICIOUS_MOVE = YES;
				CLANG_WARN_UNGUARDED_AVAILABILITY = YES_AGGRESSIVE;
				CLANG_WARN_UNREACHABLE_CODE = YES;
				CLANG_WARN__DUPLICATE_METHOD_MATCH = YES;
				COPY_PHASE_STRIP = NO;
				DEBUG_INFORMATION_FORMAT = "dwarf-with-dsym";
				ENABLE_NS_ASSERTIONS = NO;
				ENABLE_STRICT_OBJC_MSGSEND = YES;
				GCC_C_LANGUAGE_STANDARD = gnu11;
				GCC_NO_COMMON_BLOCKS = YES;
				GCC_WARN_64_TO_32_BIT_CONVERSION = YES;
				GCC_WARN_ABOUT_RETURN_TYPE = YES_ERROR;
				GCC_WARN_UNDECLARED_SELECTOR = YES;
				GCC_WARN_UNINITIALIZED_AUTOS = YES_AGGRESSIVE;
				GCC_WARN_UNUSED_FUNCTION = YES;
				GCC_WARN_UNUSED_VARIABLE = YES;
				IPHONEOS_DEPLOYMENT_TARGET = 15.4;
				MTL_ENABLE_DEBUG_INFO = NO;
				MTL_FAST_MATH = YES;
				SDKROOT = iphoneos;
				SWIFT_COMPILATION_MODE = wholemodule;
				SWIFT_OPTIMIZATION_LEVEL = "-O";
				VALIDATE_PRODUCT = YES;
			};
			name = Release;
		};
		56ABCBE1289953850057D7AB /* Debug */ = {
			isa = XCBuildConfiguration;
			buildSettings = {
				ASSETCATALOG_COMPILER_APPICON_NAME = AppIcon;
				ASSETCATALOG_COMPILER_GLOBAL_ACCENT_COLOR_NAME = AccentColor;
				CODE_SIGN_STYLE = Automatic;
				CURRENT_PROJECT_VERSION = 1;
				DEVELOPMENT_TEAM = Y8WAQNS7U8;
				GENERATE_INFOPLIST_FILE = YES;
				INFOPLIST_FILE = myGalleryApp/App/Info.plist;
				INFOPLIST_KEY_UIApplicationSupportsIndirectInputEvents = YES;
				INFOPLIST_KEY_UILaunchStoryboardName = LaunchScreen;
				INFOPLIST_KEY_UISupportedInterfaceOrientations_iPad = "UIInterfaceOrientationPortrait UIInterfaceOrientationPortraitUpsideDown UIInterfaceOrientationLandscapeLeft UIInterfaceOrientationLandscapeRight";
				INFOPLIST_KEY_UISupportedInterfaceOrientations_iPhone = "UIInterfaceOrientationPortrait UIInterfaceOrientationLandscapeLeft UIInterfaceOrientationLandscapeRight";
				LD_RUNPATH_SEARCH_PATHS = (
					"$(inherited)",
					"@executable_path/Frameworks",
				);
				MARKETING_VERSION = 1.0;
				PRODUCT_BUNDLE_IDENTIFIER = ru.lexone.myGalleryApp;
				PRODUCT_NAME = "$(TARGET_NAME)";
				SWIFT_EMIT_LOC_STRINGS = YES;
				SWIFT_VERSION = 5.0;
				TARGETED_DEVICE_FAMILY = "1,2";
			};
			name = Debug;
		};
		56ABCBE2289953850057D7AB /* Release */ = {
			isa = XCBuildConfiguration;
			buildSettings = {
				ASSETCATALOG_COMPILER_APPICON_NAME = AppIcon;
				ASSETCATALOG_COMPILER_GLOBAL_ACCENT_COLOR_NAME = AccentColor;
				CODE_SIGN_STYLE = Automatic;
				CURRENT_PROJECT_VERSION = 1;
				DEVELOPMENT_TEAM = Y8WAQNS7U8;
				GENERATE_INFOPLIST_FILE = YES;
				INFOPLIST_FILE = myGalleryApp/App/Info.plist;
				INFOPLIST_KEY_UIApplicationSupportsIndirectInputEvents = YES;
				INFOPLIST_KEY_UILaunchStoryboardName = LaunchScreen;
				INFOPLIST_KEY_UISupportedInterfaceOrientations_iPad = "UIInterfaceOrientationPortrait UIInterfaceOrientationPortraitUpsideDown UIInterfaceOrientationLandscapeLeft UIInterfaceOrientationLandscapeRight";
				INFOPLIST_KEY_UISupportedInterfaceOrientations_iPhone = "UIInterfaceOrientationPortrait UIInterfaceOrientationLandscapeLeft UIInterfaceOrientationLandscapeRight";
				LD_RUNPATH_SEARCH_PATHS = (
					"$(inherited)",
					"@executable_path/Frameworks",
				);
				MARKETING_VERSION = 1.0;
				PRODUCT_BUNDLE_IDENTIFIER = ru.lexone.myGalleryApp;
				PRODUCT_NAME = "$(TARGET_NAME)";
				SWIFT_EMIT_LOC_STRINGS = YES;
				SWIFT_VERSION = 5.0;
				TARGETED_DEVICE_FAMILY = "1,2";
			};
			name = Release;
		};
/* End XCBuildConfiguration section */

/* Begin XCConfigurationList section */
		56ABCBC7289953830057D7AB /* Build configuration list for PBXProject "myGalleryApp" */ = {
			isa = XCConfigurationList;
			buildConfigurations = (
				56ABCBDE289953850057D7AB /* Debug */,
				56ABCBDF289953850057D7AB /* Release */,
			);
			defaultConfigurationIsVisible = 0;
			defaultConfigurationName = Release;
		};
		56ABCBE0289953850057D7AB /* Build configuration list for PBXNativeTarget "myGalleryApp" */ = {
			isa = XCConfigurationList;
			buildConfigurations = (
				56ABCBE1289953850057D7AB /* Debug */,
				56ABCBE2289953850057D7AB /* Release */,
			);
			defaultConfigurationIsVisible = 0;
			defaultConfigurationName = Release;
		};
/* End XCConfigurationList section */
	};
	rootObject = 56ABCBC4289953830057D7AB /* Project object */;
}
